# THIS IS AN AUTOGENERATED FILE. DO NOT EDIT THIS FILE DIRECTLY.
# yarn lockfile v1


figlet@^1.4.0:
  version "1.4.0"
  resolved "https://registry.yarnpkg.com/figlet/-/figlet-1.4.0.tgz#21c5878b3752a932ebdb8be400e2d10bbcddfd60"
  integrity sha512-CxxIjEKHlqGosgXaIA+sikGDdV6KZOOlzPJnYuPgQlOSHZP5h9WIghYI30fyXnwEVeSH7Hedy72gC6zJrFC+SQ==
